{
  "name": "webchatgpt",
  "version": "0.0.0",
  "lockfileVersion": 2,
  "requires": true,
  "packages": {
    "": {
      "name": "webchatgpt",
      "version": "0.0.0",
      "license": "MIT",
      "dependencies": {
        "fs": "^0.0.1-security",
        "lodash-es": "^4.17.21",
        "preact": "^10.10.0",
        "uuid": "^9.0.0"
      },
      "devDependencies": {
        "@types/lodash-es": "^4.17.6",
        "@types/uuid": "^9.0.0",
        "@types/webextension-polyfill": "^0.10.0",
        "@typescript-eslint/eslint-plugin": "^5.30.6",
        "@typescript-eslint/parser": "^5.52.0",
        "archiver": "^5.3.1",
        "autoprefixer": "^10.4.13",
        "chokidar-cli": "^3.0.0",
        "daisyui": "^2.47.0",
        "esbuild": "^0.16.17",
     